
Microsoft Visual Studio Solution File, Format Version 12.00
# Visual Studio 14
VisualStudioVersion = 14.0.25420.1
MinimumVisualStudioVersion = 10.0.40219.1
Project("{FAE04EC0-301F-11D3-BF4B-00C04F79EFBC}") = "NetStitch.Common.Net45", "src\NetStitch.Common.Net45\NetStitch.Common.Net45.csproj", "{51DB200C-315B-4F94-B28B-CACB52EABEA1}"
EndProject
Project("{FAE04EC0-301F-11D3-BF4B-00C04F79EFBC}") = "NetStitch.Server.Net451", "src\NetStitch.Server.Net451\NetStitch.Server.Net451.csproj", "{640E5C1F-17EE-4EFB-AF69-74DABE76F9AE}"
EndProject
Project("{FAE04EC0-301F-11D3-BF4B-00C04F79EFBC}") = "NetStitch.Client.Net45", "src\NetStitch.Client.Net45\NetStitch.Client.Net45.csproj", "{3D963B29-7DFA-491B-BA00-AAD5764794A2}"
EndProject
Project("{FAE04EC0-301F-11D3-BF4B-00C04F79EFBC}") = "NetStitch.Analayzer", "src\NetStitch.Analayzer\NetStitch.Analayzer.csproj", "{3DD098EA-5A03-4884-9722-477A3416F865}"
EndProject
Project("{FAE04EC0-301F-11D3-BF4B-00C04F79EFBC}") = "NetStitch.Analayzer.Vsix", "src\NetStitch.Analayzer.Vsix\NetStitch.Analayzer.Vsix.csproj", "{5A096DB3-F721-4B46-A41A-0F7BE6AFCC33}"
EndProject
Project("{2150E333-8FDC-42A3-9474-1A3956D46DE8}") = "sample", "sample", "{68B04AFE-4631-4EA5-9B0F-21B084A3FEFE}"
EndProject
Project("{FAE04EC0-301F-11D3-BF4B-00C04F79EFBC}") = "NetStitchClientConsole", "sample\NetStitchClientConsole\NetStitchClientConsole.csproj", "{82E7DF8D-1444-4E7A-AFEE-33B31589240E}"
EndProject
Project("{FAE04EC0-301F-11D3-BF4B-00C04F79EFBC}") = "NetStitchServerConsole", "sample\NetStitchServerConsole\NetStitchServerConsole.csproj", "{5588456E-0DB2-40BD-8C38-E807BFD4D44D}"
EndProject
Project("{D954291E-2A0B-460D-934E-DC6B0785DB48}") = "SharedInterface", "sample\SharedInterface\SharedInterface.shproj", "{C380025C-46E3-44EF-8F85-8E737C787453}"
EndProject
Project("{FAE04EC0-301F-11D3-BF4B-00C04F79EFBC}") = "NetStitch.Tests.Net", "tests\NetStitch.Tests.Net\NetStitch.Tests.Net.csproj", "{2E3DF5C2-8A38-4A03-86D7-8D463C917E47}"
EndProject
Global
	GlobalSection(SharedMSBuildProjectFiles) = preSolution
		sample\SharedInterface\SharedInterface.projitems*{5588456e-0db2-40bd-8c38-e807bfd4d44d}*SharedItemsImports = 4
		sample\SharedInterface\SharedInterface.projitems*{82e7df8d-1444-4e7a-afee-33b31589240e}*SharedItemsImports = 4
		sample\SharedInterface\SharedInterface.projitems*{c380025c-46e3-44ef-8f85-8e737c787453}*SharedItemsImports = 13
	EndGlobalSection
	GlobalSection(SolutionConfigurationPlatforms) = preSolution
		Debug|Any CPU = Debug|Any CPU
		Debug|x64 = Debug|x64
		Debug|x86 = Debug|x86
		Release|Any CPU = Release|Any CPU
		Release|x64 = Release|x64
		Release|x86 = Release|x86
	EndGlobalSection
	GlobalSection(ProjectConfigurationPlatforms) = postSolution
		{51DB200C-315B-4F94-B28B-CACB52EABEA1}.Debug|Any CPU.ActiveCfg = Debug|Any CPU
		{51DB200C-315B-4F94-B28B-CACB52EABEA1}.Debug|Any CPU.Build.0 = Debug|Any CPU
		{51DB200C-315B-4F94-B28B-CACB52EABEA1}.Debug|x64.ActiveCfg = Debug|Any CPU
		{51DB200C-315B-4F94-B28B-CACB52EABEA1}.Debug|x64.Build.0 = Debug|Any CPU
		{51DB200C-315B-4F94-B28B-CACB52EABEA1}.Debug|x86.ActiveCfg = Debug|Any CPU
		{51DB200C-315B-4F94-B28B-CACB52EABEA1}.Debug|x86.Build.0 = Debug|Any CPU
		{51DB200C-315B-4F94-B28B-CACB52EABEA1}.Release|Any CPU.ActiveCfg = Release|Any CPU
		{51DB200C-315B-4F94-B28B-CACB52EABEA1}.Release|Any CPU.Build.0 = Release|Any CPU
		{51DB200C-315B-4F94-B28B-CACB52EABEA1}.Release|x64.ActiveCfg = Release|Any CPU
		{51DB200C-315B-4F94-B28B-CACB52EABEA1}.Release|x64.Build.0 = Release|Any CPU
		{51DB200C-315B-4F94-B28B-CACB52EABEA1}.Release|x86.ActiveCfg = Release|Any CPU
		{51DB200C-315B-4F94-B28B-CACB52EABEA1}.Release|x86.Build.0 = Release|Any CPU
		{640E5C1F-17EE-4EFB-AF69-74DABE76F9AE}.Debug|Any CPU.ActiveCfg = Debug|Any CPU
		{640E5C1F-17EE-4EFB-AF69-74DABE76F9AE}.Debug|Any CPU.Build.0 = Debug|Any CPU
		{640E5C1F-17EE-4EFB-AF69-74DABE76F9AE}.Debug|x64.ActiveCfg = Debug|Any CPU
		{640E5C1F-17EE-4EFB-AF69-74DABE76F9AE}.Debug|x64.Build.0 = Debug|Any CPU
		{640E5C1F-17EE-4EFB-AF69-74DABE76F9AE}.Debug|x86.ActiveCfg = Debug|Any CPU
		{640E5C1F-17EE-4EFB-AF69-74DABE76F9AE}.Debug|x86.Build.0 = Debug|Any CPU
		{640E5C1F-17EE-4EFB-AF69-74DABE76F9AE}.Release|Any CPU.ActiveCfg = Release|Any CPU
		{640E5C1F-17EE-4EFB-AF69-74DABE76F9AE}.Release|Any CPU.Build.0 = Release|Any CPU
		{640E5C1F-17EE-4EFB-AF69-74DABE76F9AE}.Release|x64.ActiveCfg = Release|Any CPU
		{640E5C1F-17EE-4EFB-AF69-74DABE76F9AE}.Release|x64.Build.0 = Release|Any CPU
		{640E5C1F-17EE-4EFB-AF69-74DABE76F9AE}.Release|x86.ActiveCfg = Release|Any CPU
		{640E5C1F-17EE-4EFB-AF69-74DABE76F9AE}.Release|x86.Build.0 = Release|Any CPU
		{3D963B29-7DFA-491B-BA00-AAD5764794A2}.Debug|Any CPU.ActiveCfg = Debug|Any CPU
		{3D963B29-7DFA-491B-BA00-AAD5764794A2}.Debug|Any CPU.Build.0 = Debug|Any CPU
		{3D963B29-7DFA-491B-BA00-AAD5764794A2}.Debug|x64.ActiveCfg = Debug|Any CPU
		{3D963B29-7DFA-491B-BA00-AAD5764794A2}.Debug|x64.Build.0 = Debug|Any CPU
		{3D963B29-7DFA-491B-BA00-AAD5764794A2}.Debug|x86.ActiveCfg = Debug|Any CPU
		{3D963B29-7DFA-491B-BA00-AAD5764794A2}.Debug|x86.Build.0 = Debug|Any CPU
		{3D963B29-7DFA-491B-BA00-AAD5764794A2}.Release|Any CPU.ActiveCfg = Release|Any CPU
		{3D963B29-7DFA-491B-BA00-AAD5764794A2}.Release|Any CPU.Build.0 = Release|Any CPU
		{3D963B29-7DFA-491B-BA00-AAD5764794A2}.Release|x64.ActiveCfg = Release|Any CPU
		{3D963B29-7DFA-491B-BA00-AAD5764794A2}.Release|x64.Build.0 = Release|Any CPU
		{3D963B29-7DFA-491B-BA00-AAD5764794A2}.Release|x86.ActiveCfg = Release|Any CPU
		{3D963B29-7DFA-491B-BA00-AAD5764794A2}.Release|x86.Build.0 = Release|Any CPU
		{3DD098EA-5A03-4884-9722-477A3416F865}.Debug|Any CPU.ActiveCfg = Debug|Any CPU
		{3DD098EA-5A03-4884-9722-477A3416F865}.Debug|Any CPU.Build.0 = Debug|Any CPU
		{3DD098EA-5A03-4884-9722-477A3416F865}.Debug|x64.ActiveCfg = Debug|Any CPU
		{3DD098EA-5A03-4884-9722-477A3416F865}.Debug|x64.Build.0 = Debug|Any CPU
		{3DD098EA-5A03-4884-9722-477A3416F865}.Debug|x86.ActiveCfg = Debug|Any CPU
		{3DD098EA-5A03-4884-9722-477A3416F865}.Debug|x86.Build.0 = Debug|Any CPU
		{3DD098EA-5A03-4884-9722-477A3416F865}.Release|Any CPU.ActiveCfg = Release|Any CPU
		{3DD098EA-5A03-4884-9722-477A3416F865}.Release|Any CPU.Build.0 = Release|Any CPU
		{3DD098EA-5A03-4884-9722-477A3416F865}.Release|x64.ActiveCfg = Release|Any CPU
		{3DD098EA-5A03-4884-9722-477A3416F865}.Release|x64.Build.0 = Release|Any CPU
		{3DD098EA-5A03-4884-9722-477A3416F865}.Release|x86.ActiveCfg = Release|Any CPU
		{3DD098EA-5A03-4884-9722-477A3416F865}.Release|x86.Build.0 = Release|Any CPU
		{5A096DB3-F721-4B46-A41A-0F7BE6AFCC33}.Debug|Any CPU.ActiveCfg = Debug|Any CPU
		{5A096DB3-F721-4B46-A41A-0F7BE6AFCC33}.Debug|Any CPU.Build.0 = Debug|Any CPU
		{5A096DB3-F721-4B46-A41A-0F7BE6AFCC33}.Debug|x64.ActiveCfg = Debug|Any CPU
		{5A096DB3-F721-4B46-A41A-0F7BE6AFCC33}.Debug|x64.Build.0 = Debug|Any CPU
		{5A096DB3-F721-4B46-A41A-0F7BE6AFCC33}.Debug|x86.ActiveCfg = Debug|Any CPU
		{5A096DB3-F721-4B46-A41A-0F7BE6AFCC33}.Debug|x86.Build.0 = Debug|Any CPU
		{5A096DB3-F721-4B46-A41A-0F7BE6AFCC33}.Release|Any CPU.ActiveCfg = Release|Any CPU
		{5A096DB3-F721-4B46-A41A-0F7BE6AFCC33}.Release|Any CPU.Build.0 = Release|Any CPU
		{5A096DB3-F721-4B46-A41A-0F7BE6AFCC33}.Release|x64.ActiveCfg = Release|Any CPU
		{5A096DB3-F721-4B46-A41A-0F7BE6AFCC33}.Release|x64.Build.0 = Release|Any CPU
		{5A096DB3-F721-4B46-A41A-0F7BE6AFCC33}.Release|x86.ActiveCfg = Release|Any CPU
		{5A096DB3-F721-4B46-A41A-0F7BE6AFCC33}.Release|x86.Build.0 = Release|Any CPU
		{82E7DF8D-1444-4E7A-AFEE-33B31589240E}.Debug|Any CPU.ActiveCfg = Debug|Any CPU
		{82E7DF8D-1444-4E7A-AFEE-33B31589240E}.Debug|Any CPU.Build.0 = Debug|Any CPU
		{82E7DF8D-1444-4E7A-AFEE-33B31589240E}.Debug|x64.ActiveCfg = Debug|Any CPU
		{82E7DF8D-1444-4E7A-AFEE-33B31589240E}.Debug|x64.Build.0 = Debug|Any CPU
		{82E7DF8D-1444-4E7A-AFEE-33B31589240E}.Debug|x86.ActiveCfg = Debug|Any CPU
		{82E7DF8D-1444-4E7A-AFEE-33B31589240E}.Debug|x86.Build.0 = Debug|Any CPU
		{82E7DF8D-1444-4E7A-AFEE-33B31589240E}.Release|Any CPU.ActiveCfg = Release|Any CPU
		{82E7DF8D-1444-4E7A-AFEE-33B31589240E}.Release|Any CPU.Build.0 = Release|Any CPU
		{82E7DF8D-1444-4E7A-AFEE-33B31589240E}.Release|x64.ActiveCfg = Release|Any CPU
		{82E7DF8D-1444-4E7A-AFEE-33B31589240E}.Release|x64.Build.0 = Release|Any CPU
		{82E7DF8D-1444-4E7A-AFEE-33B31589240E}.Release|x86.ActiveCfg = Release|Any CPU
		{82E7DF8D-1444-4E7A-AFEE-33B31589240E}.Release|x86.Build.0 = Release|Any CPU
		{5588456E-0DB2-40BD-8C38-E807BFD4D44D}.Debug|Any CPU.ActiveCfg = Debug|Any CPU
		{5588456E-0DB2-40BD-8C38-E807BFD4D44D}.Debug|Any CPU.Build.0 = Debug|Any CPU
		{5588456E-0DB2-40BD-8C38-E807BFD4D44D}.Debug|x64.ActiveCfg = Debug|Any CPU
		{5588456E-0DB2-40BD-8C38-E807BFD4D44D}.Debug|x64.Build.0 = Debug|Any CPU
		{5588456E-0DB2-40BD-8C38-E807BFD4D44D}.Debug|x86.ActiveCfg = Debug|Any CPU
		{5588456E-0DB2-40BD-8C38-E807BFD4D44D}.Debug|x86.Build.0 = Debug|Any CPU
		{5588456E-0DB2-40BD-8C38-E807BFD4D44D}.Release|Any CPU.ActiveCfg = Release|Any CPU
		{5588456E-0DB2-40BD-8C38-E807BFD4D44D}.Release|Any CPU.Build.0 = Release|Any CPU
		{5588456E-0DB2-40BD-8C38-E807BFD4D44D}.Release|x64.ActiveCfg = Release|Any CPU
		{5588456E-0DB2-40BD-8C38-E807BFD4D44D}.Release|x64.Build.0 = Release|Any CPU
		{5588456E-0DB2-40BD-8C38-E807BFD4D44D}.Release|x86.ActiveCfg = Release|Any CPU
		{5588456E-0DB2-40BD-8C38-E807BFD4D44D}.Release|x86.Build.0 = Release|Any CPU
		{2E3DF5C2-8A38-4A03-86D7-8D463C917E47}.Debug|Any CPU.ActiveCfg = Debug|Any CPU
		{2E3DF5C2-8A38-4A03-86D7-8D463C917E47}.Debug|Any CPU.Build.0 = Debug|Any CPU
		{2E3DF5C2-8A38-4A03-86D7-8D463C917E47}.Debug|x64.ActiveCfg = Debug|Any CPU
		{2E3DF5C2-8A38-4A03-86D7-8D463C917E47}.Debug|x64.Build.0 = Debug|Any CPU
		{2E3DF5C2-8A38-4A03-86D7-8D463C917E47}.Debug|x86.ActiveCfg = Debug|Any CPU
		{2E3DF5C2-8A38-4A03-86D7-8D463C917E47}.Debug|x86.Build.0 = Debug|Any CPU
		{2E3DF5C2-8A38-4A03-86D7-8D463C917E47}.Release|Any CPU.ActiveCfg = Release|Any CPU
		{2E3DF5C2-8A38-4A03-86D7-8D463C917E47}.Release|Any CPU.Build.0 = Release|Any CPU
		{2E3DF5C2-8A38-4A03-86D7-8D463C917E47}.Release|x64.ActiveCfg = Release|Any CPU
		{2E3DF5C2-8A38-4A03-86D7-8D463C917E47}.Release|x64.Build.0 = Release|Any CPU
		{2E3DF5C2-8A38-4A03-86D7-8D463C917E47}.Release|x86.ActiveCfg = Release|Any CPU
		{2E3DF5C2-8A38-4A03-86D7-8D463C917E47}.Release|x86.Build.0 = Release|Any CPU
	EndGlobalSection
	GlobalSection(SolutionProperties) = preSolution
		HideSolutionNode = FALSE
	EndGlobalSection
	GlobalSection(NestedProjects) = preSolution
		{82E7DF8D-1444-4E7A-AFEE-33B31589240E} = {68B04AFE-4631-4EA5-9B0F-21B084A3FEFE}
		{5588456E-0DB2-40BD-8C38-E807BFD4D44D} = {68B04AFE-4631-4EA5-9B0F-21B084A3FEFE}
		{C380025C-46E3-44EF-8F85-8E737C787453} = {68B04AFE-4631-4EA5-9B0F-21B084A3FEFE}
	EndGlobalSection
EndGlobal
