
Microsoft Visual Studio Solution File, Format Version 12.00
# Visual Studio 15
VisualStudioVersion = 15.0.26403.7
MinimumVisualStudioVersion = 10.0.40219.1
Project("{2150E333-8FDC-42A3-9474-1A3956D46DE8}") = "src", "src", "{D12CF6B4-6357-4F78-95A6-3AB203C1550D}"
EndProject
Project("{2150E333-8FDC-42A3-9474-1A3956D46DE8}") = "sample", "sample", "{EAEE55CB-C754-4522-915C-8EA3D783C242}"
EndProject
Project("{2150E333-8FDC-42A3-9474-1A3956D46DE8}") = "tests", "tests", "{B6837EBD-EC2C-4B41-96F2-14E183A858C7}"
EndProject
Project("{9A19103F-16F7-4668-BE54-9A1E7A4F7556}") = "NetStitch.Server", "src\NetStitch.Server\NetStitch.Server.csproj", "{0737D78A-47CA-48EF-94A9-583F7BFE0EBD}"
EndProject
Project("{9A19103F-16F7-4668-BE54-9A1E7A4F7556}") = "NetStitchASP", "sample\NetStitchASP\NetStitchASP.csproj", "{8301B597-8DB6-4039-94E2-AC20B82E775D}"
EndProject
Project("{D954291E-2A0B-460D-934E-DC6B0785DB48}") = "SharedInterface", "sample\SharedInterface\SharedInterface.shproj", "{C380025C-46E3-44EF-8F85-8E737C787453}"
EndProject
Project("{9A19103F-16F7-4668-BE54-9A1E7A4F7556}") = "NetStitch.Client", "src\NetStitch.Client\NetStitch.Client.csproj", "{92FC1330-383D-44DF-B8F7-8DB64D5E3D88}"
EndProject
Project("{9A19103F-16F7-4668-BE54-9A1E7A4F7556}") = "NetStitch.Tests", "tests\NetStitch.Tests\NetStitch.Tests.csproj", "{713EF896-78FE-4699-B7DB-2A593EFC0D25}"
EndProject
Project("{FAE04EC0-301F-11D3-BF4B-00C04F79EFBC}") = "NetStitch.Analayzer", "src\NetStitch.Analayzer\NetStitch.Analayzer.csproj", "{3DD098EA-5A03-4884-9722-477A3416F865}"
EndProject
Project("{FAE04EC0-301F-11D3-BF4B-00C04F79EFBC}") = "NetStitch.Analayzer.Vsix", "src\NetStitch.Analayzer.Vsix\NetStitch.Analayzer.Vsix.csproj", "{5A096DB3-F721-4B46-A41A-0F7BE6AFCC33}"
EndProject
Project("{9A19103F-16F7-4668-BE54-9A1E7A4F7556}") = "NetStitch.Common", "src\NetStitch.Common\NetStitch.Common.csproj", "{DCAE581C-C0A4-4FEB-B547-EC5066C4B65E}"
EndProject
Project("{9A19103F-16F7-4668-BE54-9A1E7A4F7556}") = "NetStitchServerConsole.NetCore", "sample\NetStitchServerConsole.NetCore\NetStitchServerConsole.NetCore.csproj", "{A4D7995C-2CEF-4C76-9088-DF954A6FEDF0}"
EndProject
Project("{9A19103F-16F7-4668-BE54-9A1E7A4F7556}") = "NetStitchClientConsole.NetCore", "sample\NetStitchClientConsole.NetCore\NetStitchClientConsole.NetCore.csproj", "{F9178C43-C8E8-4727-94DD-36E1DB4EFFC5}"
EndProject
Project("{D954291E-2A0B-460D-934E-DC6B0785DB48}") = "SharedProjectValueTuple", "sample\SharedProjectValueTuple\SharedProjectValueTuple.shproj", "{5C6338FA-06E1-4DA0-BC63-3C9CC786EB3A}"
EndProject
Project("{FAE04EC0-301F-11D3-BF4B-00C04F79EFBC}") = "NetStitchClientConsole", "sample\NetStitchClientConsole\NetStitchClientConsole.csproj", "{82E7DF8D-1444-4E7A-AFEE-33B31589240E}"
EndProject
Project("{D954291E-2A0B-460D-934E-DC6B0785DB48}") = "NetStitch.Tests.SharedProject", "tests\NetStitch.Tests.SharedProject\NetStitch.Tests.SharedProject.shproj", "{725F2505-1E2A-4DDA-A06E-5FE55F7BBE19}"
EndProject
Project("{9A19103F-16F7-4668-BE54-9A1E7A4F7556}") = "NetStitch.Tests.ClientDefinitions", "tests\NetStitch.Tests.Client\NetStitch.Tests.ClientDefinitions.csproj", "{A5564E4B-0B5B-4215-969E-B1BEC86547C9}"
EndProject
Project("{9A19103F-16F7-4668-BE54-9A1E7A4F7556}") = "NetStitch.Tests.ServerDefinitions", "tests\NetStitch.Tests.Server\NetStitch.Tests.ServerDefinitions.csproj", "{B7E166FE-C9E8-4493-9DAF-A874AA6D6BBC}"
EndProject
Project("{D954291E-2A0B-460D-934E-DC6B0785DB48}") = "SharedProjectValueTask", "sample\SharedProjectValueTask\SharedProjectValueTask.shproj", "{AF0609D2-FC03-4EC4-8F4F-8E91D7615870}"
EndProject
Project("{9A19103F-16F7-4668-BE54-9A1E7A4F7556}") = "NetStitch.Swagger", "src\NetStitch.Swagger\NetStitch.Swagger.csproj", "{5624A3E6-47D2-47C6-83A0-BBD66AAA86B8}"
EndProject
Project("{FAE04EC0-301F-11D3-BF4B-00C04F79EFBC}") = "NetStitch.Client.Net45", "src\NetStitch.Client.Net45\NetStitch.Client.Net45.csproj", "{3D963B29-7DFA-491B-BA00-AAD5764794A2}"
EndProject
Global
	GlobalSection(SharedMSBuildProjectFiles) = preSolution
		sample\SharedProjectValueTuple\SharedProjectValueTuple.projitems*{5c6338fa-06e1-4da0-bc63-3c9cc786eb3a}*SharedItemsImports = 13
		tests\NetStitch.Tests.SharedProject\NetStitch.Tests.SharedProject.projitems*{725f2505-1e2a-4dda-a06e-5fe55f7bbe19}*SharedItemsImports = 13
		sample\SharedInterface\SharedInterface.projitems*{82e7df8d-1444-4e7a-afee-33b31589240e}*SharedItemsImports = 4
		sample\SharedProjectValueTask\SharedProjectValueTask.projitems*{82e7df8d-1444-4e7a-afee-33b31589240e}*SharedItemsImports = 4
		sample\SharedProjectValueTask\SharedProjectValueTask.projitems*{af0609d2-fc03-4ec4-8f4f-8e91d7615870}*SharedItemsImports = 13
		sample\SharedInterface\SharedInterface.projitems*{c380025c-46e3-44ef-8f85-8e737c787453}*SharedItemsImports = 13
	EndGlobalSection
	GlobalSection(SolutionConfigurationPlatforms) = preSolution
		Debug|Any CPU = Debug|Any CPU
		Debug|x64 = Debug|x64
		Debug|x86 = Debug|x86
		Release|Any CPU = Release|Any CPU
		Release|x64 = Release|x64
		Release|x86 = Release|x86
	EndGlobalSection
	GlobalSection(ProjectConfigurationPlatforms) = postSolution
		{0737D78A-47CA-48EF-94A9-583F7BFE0EBD}.Debug|Any CPU.ActiveCfg = Debug|Any CPU
		{0737D78A-47CA-48EF-94A9-583F7BFE0EBD}.Debug|Any CPU.Build.0 = Debug|Any CPU
		{0737D78A-47CA-48EF-94A9-583F7BFE0EBD}.Debug|x64.ActiveCfg = Debug|Any CPU
		{0737D78A-47CA-48EF-94A9-583F7BFE0EBD}.Debug|x64.Build.0 = Debug|Any CPU
		{0737D78A-47CA-48EF-94A9-583F7BFE0EBD}.Debug|x86.ActiveCfg = Debug|Any CPU
		{0737D78A-47CA-48EF-94A9-583F7BFE0EBD}.Debug|x86.Build.0 = Debug|Any CPU
		{0737D78A-47CA-48EF-94A9-583F7BFE0EBD}.Release|Any CPU.ActiveCfg = Release|Any CPU
		{0737D78A-47CA-48EF-94A9-583F7BFE0EBD}.Release|Any CPU.Build.0 = Release|Any CPU
		{0737D78A-47CA-48EF-94A9-583F7BFE0EBD}.Release|x64.ActiveCfg = Release|Any CPU
		{0737D78A-47CA-48EF-94A9-583F7BFE0EBD}.Release|x64.Build.0 = Release|Any CPU
		{0737D78A-47CA-48EF-94A9-583F7BFE0EBD}.Release|x86.ActiveCfg = Release|Any CPU
		{0737D78A-47CA-48EF-94A9-583F7BFE0EBD}.Release|x86.Build.0 = Release|Any CPU
		{8301B597-8DB6-4039-94E2-AC20B82E775D}.Debug|Any CPU.ActiveCfg = Debug|Any CPU
		{8301B597-8DB6-4039-94E2-AC20B82E775D}.Debug|Any CPU.Build.0 = Debug|Any CPU
		{8301B597-8DB6-4039-94E2-AC20B82E775D}.Debug|x64.ActiveCfg = Debug|Any CPU
		{8301B597-8DB6-4039-94E2-AC20B82E775D}.Debug|x64.Build.0 = Debug|Any CPU
		{8301B597-8DB6-4039-94E2-AC20B82E775D}.Debug|x86.ActiveCfg = Debug|Any CPU
		{8301B597-8DB6-4039-94E2-AC20B82E775D}.Debug|x86.Build.0 = Debug|Any CPU
		{8301B597-8DB6-4039-94E2-AC20B82E775D}.Release|Any CPU.ActiveCfg = Release|Any CPU
		{8301B597-8DB6-4039-94E2-AC20B82E775D}.Release|Any CPU.Build.0 = Release|Any CPU
		{8301B597-8DB6-4039-94E2-AC20B82E775D}.Release|x64.ActiveCfg = Release|Any CPU
		{8301B597-8DB6-4039-94E2-AC20B82E775D}.Release|x64.Build.0 = Release|Any CPU
		{8301B597-8DB6-4039-94E2-AC20B82E775D}.Release|x86.ActiveCfg = Release|Any CPU
		{8301B597-8DB6-4039-94E2-AC20B82E775D}.Release|x86.Build.0 = Release|Any CPU
		{92FC1330-383D-44DF-B8F7-8DB64D5E3D88}.Debug|Any CPU.ActiveCfg = Debug|Any CPU
		{92FC1330-383D-44DF-B8F7-8DB64D5E3D88}.Debug|Any CPU.Build.0 = Debug|Any CPU
		{92FC1330-383D-44DF-B8F7-8DB64D5E3D88}.Debug|x64.ActiveCfg = Debug|Any CPU
		{92FC1330-383D-44DF-B8F7-8DB64D5E3D88}.Debug|x64.Build.0 = Debug|Any CPU
		{92FC1330-383D-44DF-B8F7-8DB64D5E3D88}.Debug|x86.ActiveCfg = Debug|Any CPU
		{92FC1330-383D-44DF-B8F7-8DB64D5E3D88}.Debug|x86.Build.0 = Debug|Any CPU
		{92FC1330-383D-44DF-B8F7-8DB64D5E3D88}.Release|Any CPU.ActiveCfg = Release|Any CPU
		{92FC1330-383D-44DF-B8F7-8DB64D5E3D88}.Release|Any CPU.Build.0 = Release|Any CPU
		{92FC1330-383D-44DF-B8F7-8DB64D5E3D88}.Release|x64.ActiveCfg = Release|Any CPU
		{92FC1330-383D-44DF-B8F7-8DB64D5E3D88}.Release|x64.Build.0 = Release|Any CPU
		{92FC1330-383D-44DF-B8F7-8DB64D5E3D88}.Release|x86.ActiveCfg = Release|Any CPU
		{92FC1330-383D-44DF-B8F7-8DB64D5E3D88}.Release|x86.Build.0 = Release|Any CPU
		{713EF896-78FE-4699-B7DB-2A593EFC0D25}.Debug|Any CPU.ActiveCfg = Debug|Any CPU
		{713EF896-78FE-4699-B7DB-2A593EFC0D25}.Debug|Any CPU.Build.0 = Debug|Any CPU
		{713EF896-78FE-4699-B7DB-2A593EFC0D25}.Debug|x64.ActiveCfg = Debug|Any CPU
		{713EF896-78FE-4699-B7DB-2A593EFC0D25}.Debug|x64.Build.0 = Debug|Any CPU
		{713EF896-78FE-4699-B7DB-2A593EFC0D25}.Debug|x86.ActiveCfg = Debug|Any CPU
		{713EF896-78FE-4699-B7DB-2A593EFC0D25}.Debug|x86.Build.0 = Debug|Any CPU
		{713EF896-78FE-4699-B7DB-2A593EFC0D25}.Release|Any CPU.ActiveCfg = Release|Any CPU
		{713EF896-78FE-4699-B7DB-2A593EFC0D25}.Release|Any CPU.Build.0 = Release|Any CPU
		{713EF896-78FE-4699-B7DB-2A593EFC0D25}.Release|x64.ActiveCfg = Release|Any CPU
		{713EF896-78FE-4699-B7DB-2A593EFC0D25}.Release|x64.Build.0 = Release|Any CPU
		{713EF896-78FE-4699-B7DB-2A593EFC0D25}.Release|x86.ActiveCfg = Release|Any CPU
		{713EF896-78FE-4699-B7DB-2A593EFC0D25}.Release|x86.Build.0 = Release|Any CPU
		{3DD098EA-5A03-4884-9722-477A3416F865}.Debug|Any CPU.ActiveCfg = Debug|Any CPU
		{3DD098EA-5A03-4884-9722-477A3416F865}.Debug|Any CPU.Build.0 = Debug|Any CPU
		{3DD098EA-5A03-4884-9722-477A3416F865}.Debug|x64.ActiveCfg = Debug|Any CPU
		{3DD098EA-5A03-4884-9722-477A3416F865}.Debug|x64.Build.0 = Debug|Any CPU
		{3DD098EA-5A03-4884-9722-477A3416F865}.Debug|x86.ActiveCfg = Debug|Any CPU
		{3DD098EA-5A03-4884-9722-477A3416F865}.Debug|x86.Build.0 = Debug|Any CPU
		{3DD098EA-5A03-4884-9722-477A3416F865}.Release|Any CPU.ActiveCfg = Release|Any CPU
		{3DD098EA-5A03-4884-9722-477A3416F865}.Release|Any CPU.Build.0 = Release|Any CPU
		{3DD098EA-5A03-4884-9722-477A3416F865}.Release|x64.ActiveCfg = Release|Any CPU
		{3DD098EA-5A03-4884-9722-477A3416F865}.Release|x64.Build.0 = Release|Any CPU
		{3DD098EA-5A03-4884-9722-477A3416F865}.Release|x86.ActiveCfg = Release|Any CPU
		{3DD098EA-5A03-4884-9722-477A3416F865}.Release|x86.Build.0 = Release|Any CPU
		{5A096DB3-F721-4B46-A41A-0F7BE6AFCC33}.Debug|Any CPU.ActiveCfg = Debug|Any CPU
		{5A096DB3-F721-4B46-A41A-0F7BE6AFCC33}.Debug|Any CPU.Build.0 = Debug|Any CPU
		{5A096DB3-F721-4B46-A41A-0F7BE6AFCC33}.Debug|x64.ActiveCfg = Debug|Any CPU
		{5A096DB3-F721-4B46-A41A-0F7BE6AFCC33}.Debug|x64.Build.0 = Debug|Any CPU
		{5A096DB3-F721-4B46-A41A-0F7BE6AFCC33}.Debug|x86.ActiveCfg = Debug|Any CPU
		{5A096DB3-F721-4B46-A41A-0F7BE6AFCC33}.Debug|x86.Build.0 = Debug|Any CPU
		{5A096DB3-F721-4B46-A41A-0F7BE6AFCC33}.Release|Any CPU.ActiveCfg = Release|Any CPU
		{5A096DB3-F721-4B46-A41A-0F7BE6AFCC33}.Release|Any CPU.Build.0 = Release|Any CPU
		{5A096DB3-F721-4B46-A41A-0F7BE6AFCC33}.Release|x64.ActiveCfg = Release|Any CPU
		{5A096DB3-F721-4B46-A41A-0F7BE6AFCC33}.Release|x64.Build.0 = Release|Any CPU
		{5A096DB3-F721-4B46-A41A-0F7BE6AFCC33}.Release|x86.ActiveCfg = Release|Any CPU
		{5A096DB3-F721-4B46-A41A-0F7BE6AFCC33}.Release|x86.Build.0 = Release|Any CPU
		{DCAE581C-C0A4-4FEB-B547-EC5066C4B65E}.Debug|Any CPU.ActiveCfg = Debug|Any CPU
		{DCAE581C-C0A4-4FEB-B547-EC5066C4B65E}.Debug|Any CPU.Build.0 = Debug|Any CPU
		{DCAE581C-C0A4-4FEB-B547-EC5066C4B65E}.Debug|x64.ActiveCfg = Debug|Any CPU
		{DCAE581C-C0A4-4FEB-B547-EC5066C4B65E}.Debug|x64.Build.0 = Debug|Any CPU
		{DCAE581C-C0A4-4FEB-B547-EC5066C4B65E}.Debug|x86.ActiveCfg = Debug|Any CPU
		{DCAE581C-C0A4-4FEB-B547-EC5066C4B65E}.Debug|x86.Build.0 = Debug|Any CPU
		{DCAE581C-C0A4-4FEB-B547-EC5066C4B65E}.Release|Any CPU.ActiveCfg = Release|Any CPU
		{DCAE581C-C0A4-4FEB-B547-EC5066C4B65E}.Release|Any CPU.Build.0 = Release|Any CPU
		{DCAE581C-C0A4-4FEB-B547-EC5066C4B65E}.Release|x64.ActiveCfg = Release|Any CPU
		{DCAE581C-C0A4-4FEB-B547-EC5066C4B65E}.Release|x64.Build.0 = Release|Any CPU
		{DCAE581C-C0A4-4FEB-B547-EC5066C4B65E}.Release|x86.ActiveCfg = Release|Any CPU
		{DCAE581C-C0A4-4FEB-B547-EC5066C4B65E}.Release|x86.Build.0 = Release|Any CPU
		{A4D7995C-2CEF-4C76-9088-DF954A6FEDF0}.Debug|Any CPU.ActiveCfg = Debug|Any CPU
		{A4D7995C-2CEF-4C76-9088-DF954A6FEDF0}.Debug|Any CPU.Build.0 = Debug|Any CPU
		{A4D7995C-2CEF-4C76-9088-DF954A6FEDF0}.Debug|x64.ActiveCfg = Debug|Any CPU
		{A4D7995C-2CEF-4C76-9088-DF954A6FEDF0}.Debug|x64.Build.0 = Debug|Any CPU
		{A4D7995C-2CEF-4C76-9088-DF954A6FEDF0}.Debug|x86.ActiveCfg = Debug|Any CPU
		{A4D7995C-2CEF-4C76-9088-DF954A6FEDF0}.Debug|x86.Build.0 = Debug|Any CPU
		{A4D7995C-2CEF-4C76-9088-DF954A6FEDF0}.Release|Any CPU.ActiveCfg = Release|Any CPU
		{A4D7995C-2CEF-4C76-9088-DF954A6FEDF0}.Release|Any CPU.Build.0 = Release|Any CPU
		{A4D7995C-2CEF-4C76-9088-DF954A6FEDF0}.Release|x64.ActiveCfg = Release|Any CPU
		{A4D7995C-2CEF-4C76-9088-DF954A6FEDF0}.Release|x64.Build.0 = Release|Any CPU
		{A4D7995C-2CEF-4C76-9088-DF954A6FEDF0}.Release|x86.ActiveCfg = Release|Any CPU
		{A4D7995C-2CEF-4C76-9088-DF954A6FEDF0}.Release|x86.Build.0 = Release|Any CPU
		{F9178C43-C8E8-4727-94DD-36E1DB4EFFC5}.Debug|Any CPU.ActiveCfg = Debug|Any CPU
		{F9178C43-C8E8-4727-94DD-36E1DB4EFFC5}.Debug|Any CPU.Build.0 = Debug|Any CPU
		{F9178C43-C8E8-4727-94DD-36E1DB4EFFC5}.Debug|x64.ActiveCfg = Debug|Any CPU
		{F9178C43-C8E8-4727-94DD-36E1DB4EFFC5}.Debug|x64.Build.0 = Debug|Any CPU
		{F9178C43-C8E8-4727-94DD-36E1DB4EFFC5}.Debug|x86.ActiveCfg = Debug|Any CPU
		{F9178C43-C8E8-4727-94DD-36E1DB4EFFC5}.Debug|x86.Build.0 = Debug|Any CPU
		{F9178C43-C8E8-4727-94DD-36E1DB4EFFC5}.Release|Any CPU.ActiveCfg = Release|Any CPU
		{F9178C43-C8E8-4727-94DD-36E1DB4EFFC5}.Release|Any CPU.Build.0 = Release|Any CPU
		{F9178C43-C8E8-4727-94DD-36E1DB4EFFC5}.Release|x64.ActiveCfg = Release|Any CPU
		{F9178C43-C8E8-4727-94DD-36E1DB4EFFC5}.Release|x64.Build.0 = Release|Any CPU
		{F9178C43-C8E8-4727-94DD-36E1DB4EFFC5}.Release|x86.ActiveCfg = Release|Any CPU
		{F9178C43-C8E8-4727-94DD-36E1DB4EFFC5}.Release|x86.Build.0 = Release|Any CPU
		{82E7DF8D-1444-4E7A-AFEE-33B31589240E}.Debug|Any CPU.ActiveCfg = Debug|Any CPU
		{82E7DF8D-1444-4E7A-AFEE-33B31589240E}.Debug|Any CPU.Build.0 = Debug|Any CPU
		{82E7DF8D-1444-4E7A-AFEE-33B31589240E}.Debug|x64.ActiveCfg = Debug|Any CPU
		{82E7DF8D-1444-4E7A-AFEE-33B31589240E}.Debug|x64.Build.0 = Debug|Any CPU
		{82E7DF8D-1444-4E7A-AFEE-33B31589240E}.Debug|x86.ActiveCfg = Debug|Any CPU
		{82E7DF8D-1444-4E7A-AFEE-33B31589240E}.Debug|x86.Build.0 = Debug|Any CPU
		{82E7DF8D-1444-4E7A-AFEE-33B31589240E}.Release|Any CPU.ActiveCfg = Release|Any CPU
		{82E7DF8D-1444-4E7A-AFEE-33B31589240E}.Release|Any CPU.Build.0 = Release|Any CPU
		{82E7DF8D-1444-4E7A-AFEE-33B31589240E}.Release|x64.ActiveCfg = Release|Any CPU
		{82E7DF8D-1444-4E7A-AFEE-33B31589240E}.Release|x64.Build.0 = Release|Any CPU
		{82E7DF8D-1444-4E7A-AFEE-33B31589240E}.Release|x86.ActiveCfg = Release|Any CPU
		{82E7DF8D-1444-4E7A-AFEE-33B31589240E}.Release|x86.Build.0 = Release|Any CPU
		{A5564E4B-0B5B-4215-969E-B1BEC86547C9}.Debug|Any CPU.ActiveCfg = Debug|Any CPU
		{A5564E4B-0B5B-4215-969E-B1BEC86547C9}.Debug|Any CPU.Build.0 = Debug|Any CPU
		{A5564E4B-0B5B-4215-969E-B1BEC86547C9}.Debug|x64.ActiveCfg = Debug|Any CPU
		{A5564E4B-0B5B-4215-969E-B1BEC86547C9}.Debug|x64.Build.0 = Debug|Any CPU
		{A5564E4B-0B5B-4215-969E-B1BEC86547C9}.Debug|x86.ActiveCfg = Debug|Any CPU
		{A5564E4B-0B5B-4215-969E-B1BEC86547C9}.Debug|x86.Build.0 = Debug|Any CPU
		{A5564E4B-0B5B-4215-969E-B1BEC86547C9}.Release|Any CPU.ActiveCfg = Release|Any CPU
		{A5564E4B-0B5B-4215-969E-B1BEC86547C9}.Release|Any CPU.Build.0 = Release|Any CPU
		{A5564E4B-0B5B-4215-969E-B1BEC86547C9}.Release|x64.ActiveCfg = Release|Any CPU
		{A5564E4B-0B5B-4215-969E-B1BEC86547C9}.Release|x64.Build.0 = Release|Any CPU
		{A5564E4B-0B5B-4215-969E-B1BEC86547C9}.Release|x86.ActiveCfg = Release|Any CPU
		{A5564E4B-0B5B-4215-969E-B1BEC86547C9}.Release|x86.Build.0 = Release|Any CPU
		{B7E166FE-C9E8-4493-9DAF-A874AA6D6BBC}.Debug|Any CPU.ActiveCfg = Debug|Any CPU
		{B7E166FE-C9E8-4493-9DAF-A874AA6D6BBC}.Debug|Any CPU.Build.0 = Debug|Any CPU
		{B7E166FE-C9E8-4493-9DAF-A874AA6D6BBC}.Debug|x64.ActiveCfg = Debug|Any CPU
		{B7E166FE-C9E8-4493-9DAF-A874AA6D6BBC}.Debug|x64.Build.0 = Debug|Any CPU
		{B7E166FE-C9E8-4493-9DAF-A874AA6D6BBC}.Debug|x86.ActiveCfg = Debug|Any CPU
		{B7E166FE-C9E8-4493-9DAF-A874AA6D6BBC}.Debug|x86.Build.0 = Debug|Any CPU
		{B7E166FE-C9E8-4493-9DAF-A874AA6D6BBC}.Release|Any CPU.ActiveCfg = Release|Any CPU
		{B7E166FE-C9E8-4493-9DAF-A874AA6D6BBC}.Release|Any CPU.Build.0 = Release|Any CPU
		{B7E166FE-C9E8-4493-9DAF-A874AA6D6BBC}.Release|x64.ActiveCfg = Release|Any CPU
		{B7E166FE-C9E8-4493-9DAF-A874AA6D6BBC}.Release|x64.Build.0 = Release|Any CPU
		{B7E166FE-C9E8-4493-9DAF-A874AA6D6BBC}.Release|x86.ActiveCfg = Release|Any CPU
		{B7E166FE-C9E8-4493-9DAF-A874AA6D6BBC}.Release|x86.Build.0 = Release|Any CPU
		{5624A3E6-47D2-47C6-83A0-BBD66AAA86B8}.Debug|Any CPU.ActiveCfg = Debug|Any CPU
		{5624A3E6-47D2-47C6-83A0-BBD66AAA86B8}.Debug|Any CPU.Build.0 = Debug|Any CPU
		{5624A3E6-47D2-47C6-83A0-BBD66AAA86B8}.Debug|x64.ActiveCfg = Debug|Any CPU
		{5624A3E6-47D2-47C6-83A0-BBD66AAA86B8}.Debug|x64.Build.0 = Debug|Any CPU
		{5624A3E6-47D2-47C6-83A0-BBD66AAA86B8}.Debug|x86.ActiveCfg = Debug|Any CPU
		{5624A3E6-47D2-47C6-83A0-BBD66AAA86B8}.Debug|x86.Build.0 = Debug|Any CPU
		{5624A3E6-47D2-47C6-83A0-BBD66AAA86B8}.Release|Any CPU.ActiveCfg = Release|Any CPU
		{5624A3E6-47D2-47C6-83A0-BBD66AAA86B8}.Release|Any CPU.Build.0 = Release|Any CPU
		{5624A3E6-47D2-47C6-83A0-BBD66AAA86B8}.Release|x64.ActiveCfg = Release|Any CPU
		{5624A3E6-47D2-47C6-83A0-BBD66AAA86B8}.Release|x64.Build.0 = Release|Any CPU
		{5624A3E6-47D2-47C6-83A0-BBD66AAA86B8}.Release|x86.ActiveCfg = Release|Any CPU
		{5624A3E6-47D2-47C6-83A0-BBD66AAA86B8}.Release|x86.Build.0 = Release|Any CPU
		{3D963B29-7DFA-491B-BA00-AAD5764794A2}.Debug|Any CPU.ActiveCfg = Debug|Any CPU
		{3D963B29-7DFA-491B-BA00-AAD5764794A2}.Debug|Any CPU.Build.0 = Debug|Any CPU
		{3D963B29-7DFA-491B-BA00-AAD5764794A2}.Debug|x64.ActiveCfg = Debug|Any CPU
		{3D963B29-7DFA-491B-BA00-AAD5764794A2}.Debug|x64.Build.0 = Debug|Any CPU
		{3D963B29-7DFA-491B-BA00-AAD5764794A2}.Debug|x86.ActiveCfg = Debug|Any CPU
		{3D963B29-7DFA-491B-BA00-AAD5764794A2}.Debug|x86.Build.0 = Debug|Any CPU
		{3D963B29-7DFA-491B-BA00-AAD5764794A2}.Release|Any CPU.ActiveCfg = Release|Any CPU
		{3D963B29-7DFA-491B-BA00-AAD5764794A2}.Release|Any CPU.Build.0 = Release|Any CPU
		{3D963B29-7DFA-491B-BA00-AAD5764794A2}.Release|x64.ActiveCfg = Release|Any CPU
		{3D963B29-7DFA-491B-BA00-AAD5764794A2}.Release|x64.Build.0 = Release|Any CPU
		{3D963B29-7DFA-491B-BA00-AAD5764794A2}.Release|x86.ActiveCfg = Release|Any CPU
		{3D963B29-7DFA-491B-BA00-AAD5764794A2}.Release|x86.Build.0 = Release|Any CPU
	EndGlobalSection
	GlobalSection(SolutionProperties) = preSolution
		HideSolutionNode = FALSE
	EndGlobalSection
	GlobalSection(NestedProjects) = preSolution
		{0737D78A-47CA-48EF-94A9-583F7BFE0EBD} = {D12CF6B4-6357-4F78-95A6-3AB203C1550D}
		{8301B597-8DB6-4039-94E2-AC20B82E775D} = {EAEE55CB-C754-4522-915C-8EA3D783C242}
		{C380025C-46E3-44EF-8F85-8E737C787453} = {EAEE55CB-C754-4522-915C-8EA3D783C242}
		{92FC1330-383D-44DF-B8F7-8DB64D5E3D88} = {D12CF6B4-6357-4F78-95A6-3AB203C1550D}
		{713EF896-78FE-4699-B7DB-2A593EFC0D25} = {B6837EBD-EC2C-4B41-96F2-14E183A858C7}
		{3DD098EA-5A03-4884-9722-477A3416F865} = {D12CF6B4-6357-4F78-95A6-3AB203C1550D}
		{5A096DB3-F721-4B46-A41A-0F7BE6AFCC33} = {D12CF6B4-6357-4F78-95A6-3AB203C1550D}
		{DCAE581C-C0A4-4FEB-B547-EC5066C4B65E} = {D12CF6B4-6357-4F78-95A6-3AB203C1550D}
		{A4D7995C-2CEF-4C76-9088-DF954A6FEDF0} = {EAEE55CB-C754-4522-915C-8EA3D783C242}
		{F9178C43-C8E8-4727-94DD-36E1DB4EFFC5} = {EAEE55CB-C754-4522-915C-8EA3D783C242}
		{5C6338FA-06E1-4DA0-BC63-3C9CC786EB3A} = {EAEE55CB-C754-4522-915C-8EA3D783C242}
		{82E7DF8D-1444-4E7A-AFEE-33B31589240E} = {EAEE55CB-C754-4522-915C-8EA3D783C242}
		{725F2505-1E2A-4DDA-A06E-5FE55F7BBE19} = {B6837EBD-EC2C-4B41-96F2-14E183A858C7}
		{A5564E4B-0B5B-4215-969E-B1BEC86547C9} = {B6837EBD-EC2C-4B41-96F2-14E183A858C7}
		{B7E166FE-C9E8-4493-9DAF-A874AA6D6BBC} = {B6837EBD-EC2C-4B41-96F2-14E183A858C7}
		{AF0609D2-FC03-4EC4-8F4F-8E91D7615870} = {EAEE55CB-C754-4522-915C-8EA3D783C242}
		{5624A3E6-47D2-47C6-83A0-BBD66AAA86B8} = {D12CF6B4-6357-4F78-95A6-3AB203C1550D}
		{3D963B29-7DFA-491B-BA00-AAD5764794A2} = {D12CF6B4-6357-4F78-95A6-3AB203C1550D}
	EndGlobalSection
	GlobalSection(ExtensibilityGlobals) = postSolution
		SolutionGuid = {2148455C-F05A-4CEC-A4F1-B73523FA5D46}
	EndGlobalSection
EndGlobal
